
Microsoft Visual Studio Solution File, Format Version 12.00
# Visual Studio Version 17
VisualStudioVersion = 17.1.32421.90
MinimumVisualStudioVersion = 10.0.40219.1
Project("{2150E333-8FDC-42A3-9474-1A3956D46DE8}") = "Services", "Services", "{BFFF32F6-D344-489C-945D-9CE82B09922F}"
EndProject
Project("{2150E333-8FDC-42A3-9474-1A3956D46DE8}") = "Identity", "Identity", "{5710E072-30E2-4B4B-873B-CABE7E38AC2A}"
EndProject
Project("{9A19103F-16F7-4668-BE54-9A1E7A4F7556}") = "Identity.Api", "Services\Identity\Identity.Api\Identity.Api.csproj", "{4057DA3D-DBE8-4FED-8EB8-6F6C60D17BCB}"
EndProject
Project("{2150E333-8FDC-42A3-9474-1A3956D46DE8}") = "Application", "Application", "{6864C17B-92E6-477D-AE8D-AA8230DDAD2D}"
EndProject
Project("{9A19103F-16F7-4668-BE54-9A1E7A4F7556}") = "Identity.Application", "Identity.Application\Identity.Application.csproj", "{2AB8CB1C-DCAB-44F6-9694-DF01336F4A6D}"
EndProject
Project("{2150E333-8FDC-42A3-9474-1A3956D46DE8}") = "Infrastracture", "Infrastracture", "{3DE17D79-DD92-43F0-B293-E2FAD61388B7}"
EndProject
Project("{9A19103F-16F7-4668-BE54-9A1E7A4F7556}") = "Identity.Infra", "Identity.Infra\Identity.Infra.csproj", "{F2EFBABC-B188-4422-8D2E-02AB37CDB261}"
EndProject
Project("{2150E333-8FDC-42A3-9474-1A3956D46DE8}") = "IoC", "IoC", "{0AD7D7EE-1BC6-49E1-99F2-6BBB5625672A}"
EndProject
Project("{9A19103F-16F7-4668-BE54-9A1E7A4F7556}") = "Identity.IoC", "Identity.IoC\Identity.IoC.csproj", "{44FAEFDA-4717-4225-A269-090BA0802344}"
EndProject
Project("{2150E333-8FDC-42A3-9474-1A3956D46DE8}") = "Domain", "Domain", "{CBE124BC-A64D-47DA-BC4F-B033E7952289}"
EndProject
Project("{FAE04EC0-301F-11D3-BF4B-00C04F79EFBC}") = "Identity.Domain", "Identity.Domain\Identity.Domain.csproj", "{67547264-1B5C-4C72-8BFF-1EDC001FFBC7}"
EndProject
Global
	GlobalSection(SolutionConfigurationPlatforms) = preSolution
		Debug|Any CPU = Debug|Any CPU
		Release|Any CPU = Release|Any CPU
	EndGlobalSection
	GlobalSection(ProjectConfigurationPlatforms) = postSolution
		{4057DA3D-DBE8-4FED-8EB8-6F6C60D17BCB}.Debug|Any CPU.ActiveCfg = Debug|Any CPU
		{4057DA3D-DBE8-4FED-8EB8-6F6C60D17BCB}.Debug|Any CPU.Build.0 = Debug|Any CPU
		{4057DA3D-DBE8-4FED-8EB8-6F6C60D17BCB}.Release|Any CPU.ActiveCfg = Release|Any CPU
		{4057DA3D-DBE8-4FED-8EB8-6F6C60D17BCB}.Release|Any CPU.Build.0 = Release|Any CPU
		{2AB8CB1C-DCAB-44F6-9694-DF01336F4A6D}.Debug|Any CPU.ActiveCfg = Debug|Any CPU
		{2AB8CB1C-DCAB-44F6-9694-DF01336F4A6D}.Debug|Any CPU.Build.0 = Debug|Any CPU
		{2AB8CB1C-DCAB-44F6-9694-DF01336F4A6D}.Release|Any CPU.ActiveCfg = Release|Any CPU
		{2AB8CB1C-DCAB-44F6-9694-DF01336F4A6D}.Release|Any CPU.Build.0 = Release|Any CPU
		{F2EFBABC-B188-4422-8D2E-02AB37CDB261}.Debug|Any CPU.ActiveCfg = Debug|Any CPU
		{F2EFBABC-B188-4422-8D2E-02AB37CDB261}.Debug|Any CPU.Build.0 = Debug|Any CPU
		{F2EFBABC-B188-4422-8D2E-02AB37CDB261}.Release|Any CPU.ActiveCfg = Release|Any CPU
		{F2EFBABC-B188-4422-8D2E-02AB37CDB261}.Release|Any CPU.Build.0 = Release|Any CPU
		{44FAEFDA-4717-4225-A269-090BA0802344}.Debug|Any CPU.ActiveCfg = Debug|Any CPU
		{44FAEFDA-4717-4225-A269-090BA0802344}.Debug|Any CPU.Build.0 = Debug|Any CPU
		{44FAEFDA-4717-4225-A269-090BA0802344}.Release|Any CPU.ActiveCfg = Release|Any CPU
		{44FAEFDA-4717-4225-A269-090BA0802344}.Release|Any CPU.Build.0 = Release|Any CPU
		{67547264-1B5C-4C72-8BFF-1EDC001FFBC7}.Debug|Any CPU.ActiveCfg = Debug|Any CPU
		{67547264-1B5C-4C72-8BFF-1EDC001FFBC7}.Debug|Any CPU.Build.0 = Debug|Any CPU
		{67547264-1B5C-4C72-8BFF-1EDC001FFBC7}.Release|Any CPU.ActiveCfg = Release|Any CPU
		{67547264-1B5C-4C72-8BFF-1EDC001FFBC7}.Release|Any CPU.Build.0 = Release|Any CPU
	EndGlobalSection
	GlobalSection(SolutionProperties) = preSolution
		HideSolutionNode = FALSE
	EndGlobalSection
	GlobalSection(NestedProjects) = preSolution
		{5710E072-30E2-4B4B-873B-CABE7E38AC2A} = {BFFF32F6-D344-489C-945D-9CE82B09922F}
		{4057DA3D-DBE8-4FED-8EB8-6F6C60D17BCB} = {5710E072-30E2-4B4B-873B-CABE7E38AC2A}
		{6864C17B-92E6-477D-AE8D-AA8230DDAD2D} = {5710E072-30E2-4B4B-873B-CABE7E38AC2A}
		{2AB8CB1C-DCAB-44F6-9694-DF01336F4A6D} = {6864C17B-92E6-477D-AE8D-AA8230DDAD2D}
		{3DE17D79-DD92-43F0-B293-E2FAD61388B7} = {5710E072-30E2-4B4B-873B-CABE7E38AC2A}
		{F2EFBABC-B188-4422-8D2E-02AB37CDB261} = {3DE17D79-DD92-43F0-B293-E2FAD61388B7}
		{0AD7D7EE-1BC6-49E1-99F2-6BBB5625672A} = {5710E072-30E2-4B4B-873B-CABE7E38AC2A}
		{44FAEFDA-4717-4225-A269-090BA0802344} = {0AD7D7EE-1BC6-49E1-99F2-6BBB5625672A}
		{CBE124BC-A64D-47DA-BC4F-B033E7952289} = {5710E072-30E2-4B4B-873B-CABE7E38AC2A}
		{67547264-1B5C-4C72-8BFF-1EDC001FFBC7} = {CBE124BC-A64D-47DA-BC4F-B033E7952289}
	EndGlobalSection
	GlobalSection(ExtensibilityGlobals) = postSolution
		SolutionGuid = {E9BF12FF-A1A6-45C2-B23A-1D52D0F73632}
	EndGlobalSection
EndGlobal
